
Microsoft Visual Studio Solution File, Format Version 12.00
# Visual Studio Version 17
VisualStudioVersion = 17.11.35312.102
MinimumVisualStudioVersion = 10.0.40219.1
Project("{FAE04EC0-301F-11D3-BF4B-00C04F79EFBC}") = "TransportManagementSystem.Entity", "TransportManagementSystem.Entity.csproj", "{555E2811-7B5B-4C86-9BD0-89B0D408B91D}"
EndProject
Global
	GlobalSection(SolutionConfigurationPlatforms) = preSolution
		Debug|Any CPU = Debug|Any CPU
		Release|Any CPU = Release|Any CPU
	EndGlobalSection
	GlobalSection(ProjectConfigurationPlatforms) = postSolution
		{555E2811-7B5B-4C86-9BD0-89B0D408B91D}.Debug|Any CPU.ActiveCfg = Debug|Any CPU
		{555E2811-7B5B-4C86-9BD0-89B0D408B91D}.Debug|Any CPU.Build.0 = Debug|Any CPU
		{555E2811-7B5B-4C86-9BD0-89B0D408B91D}.Release|Any CPU.ActiveCfg = Release|Any CPU
		{555E2811-7B5B-4C86-9BD0-89B0D408B91D}.Release|Any CPU.Build.0 = Release|Any CPU
	EndGlobalSection
	GlobalSection(SolutionProperties) = preSolution
		HideSolutionNode = FALSE
	EndGlobalSection
	GlobalSection(ExtensibilityGlobals) = postSolution
		SolutionGuid = {F13065E9-82FB-499B-8505-459F3F5412A5}
	EndGlobalSection
EndGlobal
