
Microsoft Visual Studio Solution File, Format Version 12.00
# Visual Studio Version 17
VisualStudioVersion = 17.11.35312.102
MinimumVisualStudioVersion = 10.0.40219.1
Project("{FAE04EC0-301F-11D3-BF4B-00C04F79EFBC}") = "TransportManagementSystem.Exceptions", "TransportManagementSystem.Exceptions.csproj", "{27F9945A-71FF-4CB8-8339-8A149ED54F1A}"
EndProject
Global
	GlobalSection(SolutionConfigurationPlatforms) = preSolution
		Debug|Any CPU = Debug|Any CPU
		Release|Any CPU = Release|Any CPU
	EndGlobalSection
	GlobalSection(ProjectConfigurationPlatforms) = postSolution
		{27F9945A-71FF-4CB8-8339-8A149ED54F1A}.Debug|Any CPU.ActiveCfg = Debug|Any CPU
		{27F9945A-71FF-4CB8-8339-8A149ED54F1A}.Debug|Any CPU.Build.0 = Debug|Any CPU
		{27F9945A-71FF-4CB8-8339-8A149ED54F1A}.Release|Any CPU.ActiveCfg = Release|Any CPU
		{27F9945A-71FF-4CB8-8339-8A149ED54F1A}.Release|Any CPU.Build.0 = Release|Any CPU
	EndGlobalSection
	GlobalSection(SolutionProperties) = preSolution
		HideSolutionNode = FALSE
	EndGlobalSection
	GlobalSection(ExtensibilityGlobals) = postSolution
		SolutionGuid = {1F72A6FE-9E09-46EA-A283-24943EEB8D11}
	EndGlobalSection
EndGlobal
