
Microsoft Visual Studio Solution File, Format Version 12.00
# Visual Studio Version 17
VisualStudioVersion = 17.11.35312.102
MinimumVisualStudioVersion = 10.0.40219.1
Project("{FAE04EC0-301F-11D3-BF4B-00C04F79EFBC}") = "StoringTrackingHistory", "StoringTrackingHistory.csproj", "{6CF0BD73-B079-4307-A504-A574BD403904}"
EndProject
Project("{FAE04EC0-301F-11D3-BF4B-00C04F79EFBC}") = "ParcelTrackingtwoDArray", "..\ParcelTrackingtwoDArray\ParcelTrackingtwoDArray.csproj", "{CA9E1E98-AFAA-43A0-AF40-5544B62C22DC}"
EndProject
Global
	GlobalSection(SolutionConfigurationPlatforms) = preSolution
		Debug|Any CPU = Debug|Any CPU
		Release|Any CPU = Release|Any CPU
	EndGlobalSection
	GlobalSection(ProjectConfigurationPlatforms) = postSolution
		{6CF0BD73-B079-4307-A504-A574BD403904}.Debug|Any CPU.ActiveCfg = Debug|Any CPU
		{6CF0BD73-B079-4307-A504-A574BD403904}.Debug|Any CPU.Build.0 = Debug|Any CPU
		{6CF0BD73-B079-4307-A504-A574BD403904}.Release|Any CPU.ActiveCfg = Release|Any CPU
		{6CF0BD73-B079-4307-A504-A574BD403904}.Release|Any CPU.Build.0 = Release|Any CPU
		{CA9E1E98-AFAA-43A0-AF40-5544B62C22DC}.Debug|Any CPU.ActiveCfg = Debug|Any CPU
		{CA9E1E98-AFAA-43A0-AF40-5544B62C22DC}.Debug|Any CPU.Build.0 = Debug|Any CPU
		{CA9E1E98-AFAA-43A0-AF40-5544B62C22DC}.Release|Any CPU.ActiveCfg = Release|Any CPU
		{CA9E1E98-AFAA-43A0-AF40-5544B62C22DC}.Release|Any CPU.Build.0 = Release|Any CPU
	EndGlobalSection
	GlobalSection(SolutionProperties) = preSolution
		HideSolutionNode = FALSE
	EndGlobalSection
	GlobalSection(ExtensibilityGlobals) = postSolution
		SolutionGuid = {84597445-54BD-458B-9DCE-9F20AE5C1B03}
	EndGlobalSection
EndGlobal
