
Microsoft Visual Studio Solution File, Format Version 12.00
# Visual Studio Version 17
VisualStudioVersion = 17.11.35312.102
MinimumVisualStudioVersion = 10.0.40219.1
Project("{FAE04EC0-301F-11D3-BF4B-00C04F79EFBC}") = "CheckOrderStatus", "CheckOrderStatus.csproj", "{986A4288-032F-44C8-826A-2FE40127ED5C}"
EndProject
Global
	GlobalSection(SolutionConfigurationPlatforms) = preSolution
		Debug|Any CPU = Debug|Any CPU
		Release|Any CPU = Release|Any CPU
	EndGlobalSection
	GlobalSection(ProjectConfigurationPlatforms) = postSolution
		{986A4288-032F-44C8-826A-2FE40127ED5C}.Debug|Any CPU.ActiveCfg = Debug|Any CPU
		{986A4288-032F-44C8-826A-2FE40127ED5C}.Debug|Any CPU.Build.0 = Debug|Any CPU
		{986A4288-032F-44C8-826A-2FE40127ED5C}.Release|Any CPU.ActiveCfg = Release|Any CPU
		{986A4288-032F-44C8-826A-2FE40127ED5C}.Release|Any CPU.Build.0 = Release|Any CPU
	EndGlobalSection
	GlobalSection(SolutionProperties) = preSolution
		HideSolutionNode = FALSE
	EndGlobalSection
	GlobalSection(ExtensibilityGlobals) = postSolution
		SolutionGuid = {DA37102A-0872-4F11-A6E1-00B422824E88}
	EndGlobalSection
EndGlobal
