
Microsoft Visual Studio Solution File, Format Version 12.00
# Visual Studio Version 17
VisualStudioVersion = 17.11.35312.102
MinimumVisualStudioVersion = 10.0.40219.1
Project("{FAE04EC0-301F-11D3-BF4B-00C04F79EFBC}") = "TransportManagementSystem.Util", "TransportManagementSystem.Util.csproj", "{A50CA23A-13F3-4217-8EFD-D4737C5D8155}"
EndProject
Global
	GlobalSection(SolutionConfigurationPlatforms) = preSolution
		Debug|Any CPU = Debug|Any CPU
		Release|Any CPU = Release|Any CPU
	EndGlobalSection
	GlobalSection(ProjectConfigurationPlatforms) = postSolution
		{A50CA23A-13F3-4217-8EFD-D4737C5D8155}.Debug|Any CPU.ActiveCfg = Debug|Any CPU
		{A50CA23A-13F3-4217-8EFD-D4737C5D8155}.Debug|Any CPU.Build.0 = Debug|Any CPU
		{A50CA23A-13F3-4217-8EFD-D4737C5D8155}.Release|Any CPU.ActiveCfg = Release|Any CPU
		{A50CA23A-13F3-4217-8EFD-D4737C5D8155}.Release|Any CPU.Build.0 = Release|Any CPU
	EndGlobalSection
	GlobalSection(SolutionProperties) = preSolution
		HideSolutionNode = FALSE
	EndGlobalSection
	GlobalSection(ExtensibilityGlobals) = postSolution
		SolutionGuid = {FCFAE1D1-A6C9-4D11-A831-B24F090BC074}
	EndGlobalSection
EndGlobal
